name: petracer
channels:
  - bioconda
  - defaults
dependencies:
  - _libgcc_mutex=0.1
  - _openmp_mutex=5.1
  - asttokens=2.0.5
  - bzip2=1.0.8
  - ca-certificates=2024.9.24
  - comm=0.2.1
  - debugpy=1.6.7
  - decorator=5.1.1
  - executing=0.8.3
  - ipykernel=6.29.5
  - ipython=8.27.0
  - jedi=0.19.1
  - jupyter_client=8.6.0
  - jupyter_core=5.7.2
  - ld_impl_linux-64=2.40
  - libffi=3.4.4
  - libgcc-ng=11.2.0
  - libgomp=11.2.0
  - libsodium=1.0.18
  - libstdcxx-ng=11.2.0
  - libuuid=1.41.5
  - matplotlib-inline=0.1.6
  - ncurses=6.4
  - nest-asyncio=1.6.0
  - openssl=3.0.15
  - packaging=24.1
  - parso=0.8.3
  - pexpect=4.8.0
  - pip=24.2
  - platformdirs=3.10.0
  - prompt-toolkit=3.0.43
  - prompt_toolkit=3.0.43
  - psutil=5.9.0
  - ptyprocess=0.7.0
  - pure_eval=0.2.2
  - python=3.11.10
  - python-dateutil=2.9.0post0
  - pyzmq=25.1.2
  - readline=8.2
  - setuptools=75.1.0
  - six=1.16.0
  - sqlite=3.45.3
  - stack_data=0.2.0
  - tk=8.6.14
  - tornado=6.4.1
  - traitlets=5.14.3
  - typing_extensions=4.11.0
  - wcwidth=0.2.5
  - wheel=0.44.0
  - xz=5.4.6
  - zeromq=4.3.5
  - zlib=1.2.13
  - pip:
      - absl-py==2.1.0
      - affine==2.4.0
      - aiobotocore==2.5.4
      - aiohappyeyeballs==2.4.3
      - aiohttp==3.10.10
      - aioitertools==0.12.0
      - aiosignal==1.3.1
      - alabaster==1.0.0
      - anndata==0.10.9
      - annotated-types==0.7.0
      - anyio==4.6.2.post1
      - argparse==1.4.0
      - array-api-compat==1.9
      - arrow==1.3.0
      - asciitree==0.3.3
      - attrs==24.2.0
      - babel==2.16.0
      - backoff==2.2.1
      - beautifulsoup4==4.12.3
      - biopython==1.84
      - blessed==1.20.0
      - bokeh==3.6.0
      - boto3==1.35.53
      - botocore==1.31.17
      - cassiopeia-lineage==2.1.0
      - cellpose==3.1.0
      - certifi==2024.8.30
      - chardet==5.2.0
      - charset-normalizer==3.4.0
      - chex==0.1.87
      - clarabel==0.9.0
      - click==8.1.7
      - click-plugins==1.1.1
      - cligj==0.7.2
      - cloudpickle==3.1.0
      - colorcet==3.1.0
      - contextlib2==21.6.0
      - contourpy==1.3.0
      - croniter==1.4.1
      - cssselect2==0.7.0
      - cvxpy==1.5.3
      - cycler==0.12.1
      - cython==3.0.11
      - dask==2024.10.0
      - dask-expr==1.1.16
      - dask-image==2024.5.3
      - datashader==0.16.3
      - dateutils==0.6.12
      - deepdiff==7.0.1
      - distributed==2024.10.0
      - dm-tree==0.1.8
      - docrep==0.3.2
      - docutils==0.21.2
      - ecos==2.0.14
      - editor==1.6.6
      - ete3==3.1.3
      - etils==1.10.0
      - fastapi==0.115.4
      - fastcluster==1.2.6
      - fasteners==0.19
      - fastremap==1.15.0
      - ffmpeg==1.4
      - filelock==3.16.1
      - fishtank==0.0.1
      - flax==0.10.1
      - fonttools==4.54.1
      - frozenlist==1.5.0
      - fsspec==2023.6.0
      - geopandas==1.0.1
      - h11==0.14.0
      - h5py==3.12.1
      - hits==0.4.0
      - hotspotsc==1.1.1
      - humanize==4.11.0
      - idna==3.10
      - igraph==0.11.6
      - imagecodecs==2024.9.22
      - imageio==2.36.0
      - imagesize==1.4.1
      - importlib-metadata==8.5.0
      - importlib-resources==6.4.5
      - inflect==7.4.0
      - iniconfig==2.0.0
      - inquirer==3.4.0
      - ipywidgets==8.1.5
      - itolapi==4.1.5
      - itsdangerous==2.2.0
      - jax==0.4.35
      - jax-cuda12-pjrt==0.4.35
      - jax-cuda12-plugin==0.4.35
      - jaxlib==0.4.34
      - jinja2==3.1.4
      - jmespath==1.0.1
      - joblib==1.4.2
      - jupyterlab-widgets==3.0.13
      - kiwisolver==1.4.7
      - lazy-loader==0.4
      - legacy-api-wrap==1.4
      - leidenalg==0.10.2
      - lightning==2.0.9.post0
      - lightning-cloud==0.5.70
      - lightning-utilities==0.11.8
      - llvmlite==0.43.0
      - locket==1.0.0
      - lxml==5.3.0
      - markdown-it-py==3.0.0
      - markupsafe==3.0.2
      - matplotlib==3.9.2
      - matplotlib-scalebar==0.8.1
      - mdurl==0.1.2
      - mizani==0.9.3
      - ml-collections==0.1.1
      - ml-dtypes==0.5.0
      - more-itertools==10.5.0
      - mpmath==1.3.0
      - msgpack==1.1.0
      - mudata==0.3.1
      - multidict==6.1.0
      - multipledispatch==1.0.0
      - multiscale-spatial-image==1.0.1
      - natsort==8.4.0
      - networkx==3.4.2
      - ngs-tools==1.8.6
      - numba==0.60.0
      - numcodecs==0.13.1
      - numpy==1.26.4
      - numpyro==0.13.2
      - nvidia-cublas-cu12==12.4.5.8
      - nvidia-cuda-cupti-cu12==12.4.127
      - nvidia-cuda-nvcc-cu12==12.6.85
      - nvidia-cuda-nvrtc-cu12==12.4.127
      - nvidia-cuda-runtime-cu12==12.4.127
      - nvidia-cudnn-cu12==9.1.0.70
      - nvidia-cufft-cu12==11.2.1.3
      - nvidia-curand-cu12==10.3.5.147
      - nvidia-cusolver-cu12==11.6.1.9
      - nvidia-cusparse-cu12==12.3.1.170
      - nvidia-nccl-cu12==2.21.5
      - nvidia-nvjitlink-cu12==12.4.127
      - nvidia-nvtx-cu12==12.4.127
      - ome-zarr==0.9.0
      - omnipath==1.0.8
      - opencv-python-headless==4.10.0.84
      - opt-einsum==3.4.0
      - optax==0.2.1
      - orbax-checkpoint==0.8.0
      - ordered-set==4.1.0
      - osqp==0.6.7.post3
      - pandas==2.2.3
      - pandas-flavor==0.6.0
      - param==2.1.1
      - parameterized==0.9.0
      - partd==1.4.2
      - pathlib==1.0.1
      - patsy==0.5.6
      - petracer==0.0.1
      - pillow==11.0.0
      - pims==0.7
      - pingouin==0.5.5
      - plotly==5.24.1
      - plotnine==0.12.4
      - pluggy==1.5.0
      - pooch==1.8.2
      - propcache==0.2.0
      - protobuf==5.28.3
      - pyarrow==17.0.0
      - pycea==0.0.1
      - pyct==0.5.0
      - pydantic==2.1.1
      - pydantic-core==2.4.0
      - pygments==2.19.1
      - pyjwt==2.9.0
      - pynndescent==0.5.13
      - pyogrio==0.10.0
      - pyparsing==3.2.0
      - pyproj==3.7.0
      - pyro-api==0.1.2
      - pyro-ppl==1.9.1
      - pysam==0.22.1
      - pyseq-align==1.0.2
      - pytest==8.3.4
      - python-multipart==0.0.17
      - pytorch-lightning==2.4.0
      - pytz==2024.2
      - pyyaml==6.0.2
      - qdldl==0.1.7.post4
      - rasterio==1.4.3
      - readchar==4.2.0
      - reportlab==4.2.5
      - requests==2.32.3
      - rich==13.9.3
      - roifile==2024.9.15
      - runs==1.2.2
      - s3fs==2023.6.0
      - s3transfer==0.10.3
      - scanpy==1.10.3
      - scikit-image==0.24.0
      - scikit-learn==1.5.2
      - scikit-misc==0.5.1
      - scikit-posthocs==0.11.3
      - scipy==1.14.1
      - scs==3.2.7
      - scvi-tools==1.0.3
      - seaborn==0.13.2
      - session-info==1.0.0
      - shap==0.46.0
      - shapely==2.0.6
      - shortuuid==1.0.13
      - slicer==0.0.8
      - slicerator==1.1.0
      - sniffio==1.3.1
      - snowballstemmer==2.2.0
      - sortedcontainers==2.4.0
      - soupsieve==2.6
      - sparse==0.15.4
      - spatial-image==1.1.0
      - spatialdata==0.2.3
      - sphinx==8.1.3
      - sphinxcontrib-applehelp==2.0.0
      - sphinxcontrib-devhelp==2.0.0
      - sphinxcontrib-htmlhelp==2.1.0
      - sphinxcontrib-jsmath==1.0.1
      - sphinxcontrib-qthelp==2.0.0
      - sphinxcontrib-serializinghtml==2.0.0
      - squidpy==1.6.1
      - starlette==0.41.2
      - starsessions==1.3.0
      - statannot==0.2.3
      - statsmodels==0.14.4
      - stdlib-list==0.11.0
      - svglib==1.5.1
      - sympy==1.13.1
      - tabulate==0.9.0
      - tblib==3.0.0
      - tenacity==9.0.0
      - tensorstore==0.1.67
      - texttable==1.7.0
      - threadpoolctl==3.5.0
      - tifffile==2024.9.20
      - tinycss2==1.4.0
      - toolz==1.0.0
      - torch==2.5.1
      - torchmetrics==1.5.1
      - tqdm==4.66.5
      - treedata==0.1.2
      - triton==3.1.0
      - typeguard==4.3.0
      - types-python-dateutil==2.9.0.20241003
      - tzdata==2024.2
      - umap-learn==0.5.6
      - urllib3==1.26.20
      - uvicorn==0.32.0
      - validators==0.34.0
      - vivs==0.1.1
      - webencodings==0.5.1
      - websocket-client==1.8.0
      - websockets==12.0
      - widgetsnbextension==4.0.13
      - wrapt==1.16.0
      - xarray==2023.12.0
      - xarray-dataclasses==1.8.0
      - xarray-datatree==0.0.14
      - xarray-schema==0.0.3
      - xarray-spatial==0.4.0
      - xmod==1.8.1
      - xyzservices==2024.9.0
      - yarl==1.16.0
      - zarr==2.18.3
      - zict==3.0.0
      - zipp==3.20.2
prefix: /lab/solexa_weissman/wcolgan/tools/miniconda3/envs/petracer
